
Microsoft Visual Studio Solution File, Format Version 12.00
# Visual Studio Version 16
VisualStudioVersion = 16.0.28803.202
MinimumVisualStudioVersion = 10.0.40219.1
Project("{9A19103F-16F7-4668-BE54-9A1E7A4F7556}") = "TrafikverketdotNET", "TrafikverketdotNET\TrafikverketdotNET.csproj", "{7023052E-2234-4668-85CB-14371F6105ED}"
EndProject
Global
	GlobalSection(SolutionConfigurationPlatforms) = preSolution
		Debug|Any CPU = Debug|Any CPU
		Release|Any CPU = Release|Any CPU
	EndGlobalSection
	GlobalSection(ProjectConfigurationPlatforms) = postSolution
		{7023052E-2234-4668-85CB-14371F6105ED}.Debug|Any CPU.ActiveCfg = Debug|Any CPU
		{7023052E-2234-4668-85CB-14371F6105ED}.Debug|Any CPU.Build.0 = Debug|Any CPU
		{7023052E-2234-4668-85CB-14371F6105ED}.Release|Any CPU.ActiveCfg = Release|Any CPU
		{7023052E-2234-4668-85CB-14371F6105ED}.Release|Any CPU.Build.0 = Release|Any CPU
	EndGlobalSection
	GlobalSection(SolutionProperties) = preSolution
		HideSolutionNode = FALSE
	EndGlobalSection
	GlobalSection(ExtensibilityGlobals) = postSolution
		SolutionGuid = {2738B02A-0BDA-4358-A92F-11D506A67B87}
	EndGlobalSection
EndGlobal
